
Microsoft Visual Studio Solution File, Format Version 12.00
# Visual Studio Version 17
VisualStudioVersion = 17.14.37516.0 d17.14
MinimumVisualStudioVersion = 10.0.40219.1
Project("{FAE04EC0-301F-11D3-BF4B-00C04F79EFBC}") = "TitanFitness.WebAPI", "TitanFitness.API\TitanFitness.WebAPI.csproj", "{7500FA8B-E08E-457F-8F92-ABC4BE2A94D0}"
EndProject
Project("{FAE04EC0-301F-11D3-BF4B-00C04F79EFBC}") = "TitanFitness.Domain", "TitanFitness.Domain\TitanFitness.Domain.csproj", "{0E22C836-09D6-42DF-8FFC-9DCE9A7F51A2}"
EndProject
Project("{FAE04EC0-301F-11D3-BF4B-00C04F79EFBC}") = "TitanFitness.Infrastructure", "TitanFitness.Infrastructure\TitanFitness.Infrastructure.csproj", "{2475FDB5-8798-47A6-BF5B-7502408C6148}"
EndProject
Global
	GlobalSection(SolutionConfigurationPlatforms) = preSolution
		Debug|Any CPU = Debug|Any CPU
		Release|Any CPU = Release|Any CPU
	EndGlobalSection
	GlobalSection(ProjectConfigurationPlatforms) = postSolution
		{7500FA8B-E08E-457F-8F92-ABC4BE2A94D0}.Debug|Any CPU.ActiveCfg = Debug|Any CPU
		{7500FA8B-E08E-457F-8F92-ABC4BE2A94D0}.Debug|Any CPU.Build.0 = Debug|Any CPU
		{7500FA8B-E08E-457F-8F92-ABC4BE2A94D0}.Release|Any CPU.ActiveCfg = Release|Any CPU
		{7500FA8B-E08E-457F-8F92-ABC4BE2A94D0}.Release|Any CPU.Build.0 = Release|Any CPU
		{0E22C836-09D6-42DF-8FFC-9DCE9A7F51A2}.Debug|Any CPU.ActiveCfg = Debug|Any CPU
		{0E22C836-09D6-42DF-8FFC-9DCE9A7F51A2}.Debug|Any CPU.Build.0 = Debug|Any CPU
		{0E22C836-09D6-42DF-8FFC-9DCE9A7F51A2}.Release|Any CPU.ActiveCfg = Release|Any CPU
		{0E22C836-09D6-42DF-8FFC-9DCE9A7F51A2}.Release|Any CPU.Build.0 = Release|Any CPU
		{2475FDB5-8798-47A6-BF5B-7502408C6148}.Debug|Any CPU.ActiveCfg = Debug|Any CPU
		{2475FDB5-8798-47A6-BF5B-7502408C6148}.Debug|Any CPU.Build.0 = Debug|Any CPU
		{2475FDB5-8798-47A6-BF5B-7502408C6148}.Release|Any CPU.ActiveCfg = Release|Any CPU
		{2475FDB5-8798-47A6-BF5B-7502408C6148}.Release|Any CPU.Build.0 = Release|Any CPU
	EndGlobalSection
	GlobalSection(SolutionProperties) = preSolution
		HideSolutionNode = FALSE
	EndGlobalSection
	GlobalSection(ExtensibilityGlobals) = postSolution
		SolutionGuid = {E7DAAB0B-9C9E-40F2-8DF7-89D2AE2EDF87}
	EndGlobalSection
EndGlobal
